// !$*UTF8*$!
{
	archiveVersion = 1;
	classes = {
	};
	objectVersion = 56;
	objects = {

/* Begin PBXBuildFile section */
		55017FE42A47566200300E64 /* ScheduleManager.swift in Sources */ = {isa = PBXBuildFile; fileRef = 55017FE32A47566200300E64 /* ScheduleManager.swift */; };
		551CFFB92A43A34C007842E2 /* MainTabView.swift in Sources */ = {isa = PBXBuildFile; fileRef = 551CFFB82A43A34C007842E2 /* MainTabView.swift */; };
		5558407E2A4394C80017B05B /* VisitFormView.swift in Sources */ = {isa = PBXBuildFile; fileRef = 5558407D2A4394C80017B05B /* VisitFormView.swift */; };
		55958F9A2A43A47A009E3F33 /* SettingsView.swift in Sources */ = {isa = PBXBuildFile; fileRef = 55958F992A43A47A009E3F33 /* SettingsView.swift */; };
		55958F9D2A43B516009E3F33 /* VisitFormViewModel.swift in Sources */ = {isa = PBXBuildFile; fileRef = 55958F9C2A43B516009E3F33 /* VisitFormViewModel.swift */; };
		55958FA02A43C597009E3F33 /* NotificationManager.swift in Sources */ = {isa = PBXBuildFile; fileRef = 55958F9F2A43C597009E3F33 /* NotificationManager.swift */; };
		55C108782A43373400A5177A /* My_HaircutApp.swift in Sources */ = {isa = PBXBuildFile; fileRef = 55C108772A43373400A5177A /* My_HaircutApp.swift */; };
		55C1087A2A43373400A5177A /* VisitHistoryView.swift in Sources */ = {isa = PBXBuildFile; fileRef = 55C108792A43373400A5177A /* VisitHistoryView.swift */; };
		55C1087C2A43373500A5177A /* Assets.xcassets in Resources */ = {isa = PBXBuildFile; fileRef = 55C1087B2A43373500A5177A /* Assets.xcassets */; };
		55C1087F2A43373500A5177A /* Preview Assets.xcassets in Resources */ = {isa = PBXBuildFile; fileRef = 55C1087E2A43373500A5177A /* Preview Assets.xcassets */; };
		55C108812A43373500A5177A /* Persistence.swift in Sources */ = {isa = PBXBuildFile; fileRef = 55C108802A43373500A5177A /* Persistence.swift */; };
		55C108842A43373500A5177A /* My_Haircut.xcdatamodeld in Sources */ = {isa = PBXBuildFile; fileRef = 55C108822A43373500A5177A /* My_Haircut.xcdatamodeld */; };
		55C1088E2A43373500A5177A /* My_HaircutTests.swift in Sources */ = {isa = PBXBuildFile; fileRef = 55C1088D2A43373500A5177A /* My_HaircutTests.swift */; };
		55C108982A43373500A5177A /* My_HaircutUITests.swift in Sources */ = {isa = PBXBuildFile; fileRef = 55C108972A43373500A5177A /* My_HaircutUITests.swift */; };
		55C1089A2A43373500A5177A /* My_HaircutUITestsLaunchTests.swift in Sources */ = {isa = PBXBuildFile; fileRef = 55C108992A43373500A5177A /* My_HaircutUITestsLaunchTests.swift */; };
/* End PBXBuildFile section */

/* Begin PBXContainerItemProxy section */
		55C1088A2A43373500A5177A /* PBXContainerItemProxy */ = {
			isa = PBXContainerItemProxy;
			containerPortal = 55C1086C2A43373400A5177A /* Project object */;
			proxyType = 1;
			remoteGlobalIDString = 55C108732A43373400A5177A;
			remoteInfo = "My Haircut";
		};
		55C108942A43373500A5177A /* PBXContainerItemProxy */ = {
			isa = PBXContainerItemProxy;
			containerPortal = 55C1086C2A43373400A5177A /* Project object */;
			proxyType = 1;
			remoteGlobalIDString = 55C108732A43373400A5177A;
			remoteInfo = "My Haircut";
		};
/* End PBXContainerItemProxy section */

/* Begin PBXFileReference section */
		55017FE32A47566200300E64 /* ScheduleManager.swift */ = {isa = PBXFileReference; lastKnownFileType = sourcecode.swift; path = ScheduleManager.swift; sourceTree = "<group>"; };
		551CFFB82A43A34C007842E2 /* MainTabView.swift */ = {isa = PBXFileReference; lastKnownFileType = sourcecode.swift; path = MainTabView.swift; sourceTree = "<group>"; };
		5558407D2A4394C80017B05B /* VisitFormView.swift */ = {isa = PBXFileReference; lastKnownFileType = sourcecode.swift; path = VisitFormView.swift; sourceTree = "<group>"; };
		55958F992A43A47A009E3F33 /* SettingsView.swift */ = {isa = PBXFileReference; lastKnownFileType = sourcecode.swift; path = SettingsView.swift; sourceTree = "<group>"; };
		55958F9C2A43B516009E3F33 /* VisitFormViewModel.swift */ = {isa = PBXFileReference; lastKnownFileType = sourcecode.swift; path = VisitFormViewModel.swift; sourceTree = "<group>"; };
		55958F9F2A43C597009E3F33 /* NotificationManager.swift */ = {isa = PBXFileReference; lastKnownFileType = sourcecode.swift; path = NotificationManager.swift; sourceTree = "<group>"; };
		55C108742A43373400A5177A /* My Haircut.app */ = {isa = PBXFileReference; explicitFileType = wrapper.application; includeInIndex = 0; path = "My Haircut.app"; sourceTree = BUILT_PRODUCTS_DIR; };
		55C108772A43373400A5177A /* My_HaircutApp.swift */ = {isa = PBXFileReference; lastKnownFileType = sourcecode.swift; path = My_HaircutApp.swift; sourceTree = "<group>"; };
		55C108792A43373400A5177A /* VisitHistoryView.swift */ = {isa = PBXFileReference; lastKnownFileType = sourcecode.swift; path = VisitHistoryView.swift; sourceTree = "<group>"; };
		55C1087B2A43373500A5177A /* Assets.xcassets */ = {isa = PBXFileReference; lastKnownFileType = folder.assetcatalog; path = Assets.xcassets; sourceTree = "<group>"; };
		55C1087E2A43373500A5177A /* Preview Assets.xcassets */ = {isa = PBXFileReference; lastKnownFileType = folder.assetcatalog; path = "Preview Assets.xcassets"; sourceTree = "<group>"; };
		55C108802A43373500A5177A /* Persistence.swift */ = {isa = PBXFileReference; lastKnownFileType = sourcecode.swift; path = Persistence.swift; sourceTree = "<group>"; };
		55C108832A43373500A5177A /* My_Haircut.xcdatamodel */ = {isa = PBXFileReference; lastKnownFileType = wrapper.xcdatamodel; path = My_Haircut.xcdatamodel; sourceTree = "<group>"; };
		55C108892A43373500A5177A /* My HaircutTests.xctest */ = {isa = PBXFileReference; explicitFileType = wrapper.cfbundle; includeInIndex = 0; path = "My HaircutTests.xctest"; sourceTree = BUILT_PRODUCTS_DIR; };
		55C1088D2A43373500A5177A /* My_HaircutTests.swift */ = {isa = PBXFileReference; lastKnownFileType = sourcecode.swift; path = My_HaircutTests.swift; sourceTree = "<group>"; };
		55C108932A43373500A5177A /* My HaircutUITests.xctest */ = {isa = PBXFileReference; explicitFileType = wrapper.cfbundle; includeInIndex = 0; path = "My HaircutUITests.xctest"; sourceTree = BUILT_PRODUCTS_DIR; };
		55C108972A43373500A5177A /* My_HaircutUITests.swift */ = {isa = PBXFileReference; lastKnownFileType = sourcecode.swift; path = My_HaircutUITests.swift; sourceTree = "<group>"; };
		55C108992A43373500A5177A /* My_HaircutUITestsLaunchTests.swift */ = {isa = PBXFileReference; lastKnownFileType = sourcecode.swift; path = My_HaircutUITestsLaunchTests.swift; sourceTree = "<group>"; };
/* End PBXFileReference section */

/* Begin PBXFrameworksBuildPhase section */
		55C108712A43373400A5177A /* Frameworks */ = {
			isa = PBXFrameworksBuildPhase;
			buildActionMask = 2147483647;
			files = (
			);
			runOnlyForDeploymentPostprocessing = 0;
		};
		55C108862A43373500A5177A /* Frameworks */ = {
			isa = PBXFrameworksBuildPhase;
			buildActionMask = 2147483647;
			files = (
			);
			runOnlyForDeploymentPostprocessing = 0;
		};
		55C108902A43373500A5177A /* Frameworks */ = {
			isa = PBXFrameworksBuildPhase;
			buildActionMask = 2147483647;
			files = (
			);
			runOnlyForDeploymentPostprocessing = 0;
		};
/* End PBXFrameworksBuildPhase section */

/* Begin PBXGroup section */
		5558407C2A43946D0017B05B /* Views */ = {
			isa = PBXGroup;
			children = (
				55C108792A43373400A5177A /* VisitHistoryView.swift */,
				5558407D2A4394C80017B05B /* VisitFormView.swift */,
				551CFFB82A43A34C007842E2 /* MainTabView.swift */,
				55958F992A43A47A009E3F33 /* SettingsView.swift */,
			);
			path = Views;
			sourceTree = "<group>";
		};
		55958F9B2A43B4F8009E3F33 /* ViewModels */ = {
			isa = PBXGroup;
			children = (
				55958F9C2A43B516009E3F33 /* VisitFormViewModel.swift */,
			);
			path = ViewModels;
			sourceTree = "<group>";
		};
		55958F9E2A43C576009E3F33 /* Managers */ = {
			isa = PBXGroup;
			children = (
				55958F9F2A43C597009E3F33 /* NotificationManager.swift */,
				55017FE32A47566200300E64 /* ScheduleManager.swift */,
			);
			path = Managers;
			sourceTree = "<group>";
		};
		55C1086B2A43373400A5177A = {
			isa = PBXGroup;
			children = (
				55C108762A43373400A5177A /* My Haircut */,
				55C1088C2A43373500A5177A /* My HaircutTests */,
				55C108962A43373500A5177A /* My HaircutUITests */,
				55C108752A43373400A5177A /* Products */,
			);
			sourceTree = "<group>";
		};
		55C108752A43373400A5177A /* Products */ = {
			isa = PBXGroup;
			children = (
				55C108742A43373400A5177A /* My Haircut.app */,
				55C108892A43373500A5177A /* My HaircutTests.xctest */,
				55C108932A43373500A5177A /* My HaircutUITests.xctest */,
			);
			name = Products;
			sourceTree = "<group>";
		};
		55C108762A43373400A5177A /* My Haircut */ = {
			isa = PBXGroup;
			children = (
				55D2B7102A44DF38000EBD4E /* Models */,
				55958F9E2A43C576009E3F33 /* Managers */,
				55958F9B2A43B4F8009E3F33 /* ViewModels */,
				5558407C2A43946D0017B05B /* Views */,
				55C108772A43373400A5177A /* My_HaircutApp.swift */,
				55C1087B2A43373500A5177A /* Assets.xcassets */,
				55C108802A43373500A5177A /* Persistence.swift */,
				55C108822A43373500A5177A /* My_Haircut.xcdatamodeld */,
				55C1087D2A43373500A5177A /* Preview Content */,
			);
			path = "My Haircut";
			sourceTree = "<group>";
		};
		55C1087D2A43373500A5177A /* Preview Content */ = {
			isa = PBXGroup;
			children = (
				55C1087E2A43373500A5177A /* Preview Assets.xcassets */,
			);
			path = "Preview Content";
			sourceTree = "<group>";
		};
		55C1088C2A43373500A5177A /* My HaircutTests */ = {
			isa = PBXGroup;
			children = (
				55C1088D2A43373500A5177A /* My_HaircutTests.swift */,
			);
			path = "My HaircutTests";
			sourceTree = "<group>";
		};
		55C108962A43373500A5177A /* My HaircutUITests */ = {
			isa = PBXGroup;
			children = (
				55C108972A43373500A5177A /* My_HaircutUITests.swift */,
				55C108992A43373500A5177A /* My_HaircutUITestsLaunchTests.swift */,
			);
			path = "My HaircutUITests";
			sourceTree = "<group>";
		};
		55D2B7102A44DF38000EBD4E /* Models */ = {
			isa = PBXGroup;
			children = (
			);
			path = Models;
			sourceTree = "<group>";
		};
/* End PBXGroup section */

/* Begin PBXNativeTarget section */
		55C108732A43373400A5177A /* My Haircut */ = {
			isa = PBXNativeTarget;
			buildConfigurationList = 55C1089D2A43373500A5177A /* Build configuration list for PBXNativeTarget "My Haircut" */;
			buildPhases = (
				55C108702A43373400A5177A /* Sources */,
				55C108712A43373400A5177A /* Frameworks */,
				55C108722A43373400A5177A /* Resources */,
			);
			buildRules = (
			);
			dependencies = (
			);
			name = "My Haircut";
			productName = "My Haircut";
			productReference = 55C108742A43373400A5177A /* My Haircut.app */;
			productType = "com.apple.product-type.application";
		};
		55C108882A43373500A5177A /* My HaircutTests */ = {
			isa = PBXNativeTarget;
			buildConfigurationList = 55C108A02A43373500A5177A /* Build configuration list for PBXNativeTarget "My HaircutTests" */;
			buildPhases = (
				55C108852A43373500A5177A /* Sources */,
				55C108862A43373500A5177A /* Frameworks */,
				55C108872A43373500A5177A /* Resources */,
			);
			buildRules = (
			);
			dependencies = (
				55C1088B2A43373500A5177A /* PBXTargetDependency */,
			);
			name = "My HaircutTests";
			productName = "My HaircutTests";
			productReference = 55C108892A43373500A5177A /* My HaircutTests.xctest */;
			productType = "com.apple.product-type.bundle.unit-test";
		};
		55C108922A43373500A5177A /* My HaircutUITests */ = {
			isa = PBXNativeTarget;
			buildConfigurationList = 55C108A32A43373500A5177A /* Build configuration list for PBXNativeTarget "My HaircutUITests" */;
			buildPhases = (
				55C1088F2A43373500A5177A /* Sources */,
				55C108902A43373500A5177A /* Frameworks */,
				55C108912A43373500A5177A /* Resources */,
			);
			buildRules = (
			);
			dependencies = (
				55C108952A43373500A5177A /* PBXTargetDependency */,
			);
			name = "My HaircutUITests";
			productName = "My HaircutUITests";
			productReference = 55C108932A43373500A5177A /* My HaircutUITests.xctest */;
			productType = "com.apple.product-type.bundle.ui-testing";
		};
/* End PBXNativeTarget section */

/* Begin PBXProject section */
		55C1086C2A43373400A5177A /* Project object */ = {
			isa = PBXProject;
			attributes = {
				BuildIndependentTargetsInParallel = 1;
				LastSwiftUpdateCheck = 1430;
				LastUpgradeCheck = 1430;
				TargetAttributes = {
					55C108732A43373400A5177A = {
						CreatedOnToolsVersion = 14.3.1;
					};
					55C108882A43373500A5177A = {
						CreatedOnToolsVersion = 14.3.1;
						TestTargetID = 55C108732A43373400A5177A;
					};
					55C108922A43373500A5177A = {
						CreatedOnToolsVersion = 14.3.1;
						TestTargetID = 55C108732A43373400A5177A;
					};
				};
			};
			buildConfigurationList = 55C1086F2A43373400A5177A /* Build configuration list for PBXProject "My Haircut" */;
			compatibilityVersion = "Xcode 14.0";
			developmentRegion = en;
			hasScannedForEncodings = 0;
			knownRegions = (
				en,
				Base,
			);
			mainGroup = 55C1086B2A43373400A5177A;
			productRefGroup = 55C108752A43373400A5177A /* Products */;
			projectDirPath = "";
			projectRoot = "";
			targets = (
				55C108732A43373400A5177A /* My Haircut */,
				55C108882A43373500A5177A /* My HaircutTests */,
				55C108922A43373500A5177A /* My HaircutUITests */,
			);
		};
/* End PBXProject section */

/* Begin PBXResourcesBuildPhase section */
		55C108722A43373400A5177A /* Resources */ = {
			isa = PBXResourcesBuildPhase;
			buildActionMask = 2147483647;
			files = (
				55C1087F2A43373500A5177A /* Preview Assets.xcassets in Resources */,
				55C1087C2A43373500A5177A /* Assets.xcassets in Resources */,
			);
			runOnlyForDeploymentPostprocessing = 0;
		};
		55C108872A43373500A5177A /* Resources */ = {
			isa = PBXResourcesBuildPhase;
			buildActionMask = 2147483647;
			files = (
			);
			runOnlyForDeploymentPostprocessing = 0;
		};
		55C108912A43373500A5177A /* Resources */ = {
			isa = PBXResourcesBuildPhase;
			buildActionMask = 2147483647;
			files = (
			);
			runOnlyForDeploymentPostprocessing = 0;
		};
/* End PBXResourcesBuildPhase section */

/* Begin PBXSourcesBuildPhase section */
		55C108702A43373400A5177A /* Sources */ = {
			isa = PBXSourcesBuildPhase;
			buildActionMask = 2147483647;
			files = (
				55958F9A2A43A47A009E3F33 /* SettingsView.swift in Sources */,
				55C108842A43373500A5177A /* My_Haircut.xcdatamodeld in Sources */,
				55958F9D2A43B516009E3F33 /* VisitFormViewModel.swift in Sources */,
				55958FA02A43C597009E3F33 /* NotificationManager.swift in Sources */,
				5558407E2A4394C80017B05B /* VisitFormView.swift in Sources */,
				55C108812A43373500A5177A /* Persistence.swift in Sources */,
				55017FE42A47566200300E64 /* ScheduleManager.swift in Sources */,
				55C1087A2A43373400A5177A /* VisitHistoryView.swift in Sources */,
				55C108782A43373400A5177A /* My_HaircutApp.swift in Sources */,
				551CFFB92A43A34C007842E2 /* MainTabView.swift in Sources */,
			);
			runOnlyForDeploymentPostprocessing = 0;
		};
		55C108852A43373500A5177A /* Sources */ = {
			isa = PBXSourcesBuildPhase;
			buildActionMask = 2147483647;
			files = (
				55C1088E2A43373500A5177A /* My_HaircutTests.swift in Sources */,
			);
			runOnlyForDeploymentPostprocessing = 0;
		};
		55C1088F2A43373500A5177A /* Sources */ = {
			isa = PBXSourcesBuildPhase;
			buildActionMask = 2147483647;
			files = (
				55C108982A43373500A5177A /* My_HaircutUITests.swift in Sources */,
				55C1089A2A43373500A5177A /* My_HaircutUITestsLaunchTests.swift in Sources */,
			);
			runOnlyForDeploymentPostprocessing = 0;
		};
/* End PBXSourcesBuildPhase section */

/* Begin PBXTargetDependency section */
		55C1088B2A43373500A5177A /* PBXTargetDependency */ = {
			isa = PBXTargetDependency;
			target = 55C108732A43373400A5177A /* My Haircut */;
			targetProxy = 55C1088A2A43373500A5177A /* PBXContainerItemProxy */;
		};
		55C108952A43373500A5177A /* PBXTargetDependency */ = {
			isa = PBXTargetDependency;
			target = 55C108732A43373400A5177A /* My Haircut */;
			targetProxy = 55C108942A43373500A5177A /* PBXContainerItemProxy */;
		};
/* End PBXTargetDependency section */

/* Begin XCBuildConfiguration section */
		55C1089B2A43373500A5177A /* Debug */ = {
			isa = XCBuildConfiguration;
			buildSettings = {
				ALWAYS_SEARCH_USER_PATHS = NO;
				CLANG_ANALYZER_NONNULL = YES;
				CLANG_ANALYZER_NUMBER_OBJECT_CONVERSION = YES_AGGRESSIVE;
				CLANG_CXX_LANGUAGE_STANDARD = "gnu++20";
				CLANG_ENABLE_MODULES = YES;
				CLANG_ENABLE_OBJC_ARC = YES;
				CLANG_ENABLE_OBJC_WEAK = YES;
				CLANG_WARN_BLOCK_CAPTURE_AUTORELEASING = YES;
				CLANG_WARN_BOOL_CONVERSION = YES;
				CLANG_WARN_COMMA = YES;
				CLANG_WARN_CONSTANT_CONVERSION = YES;
				CLANG_WARN_DEPRECATED_OBJC_IMPLEMENTATIONS = YES;
				CLANG_WARN_DIRECT_OBJC_ISA_USAGE = YES_ERROR;
				CLANG_WARN_DOCUMENTATION_COMMENTS = YES;
				CLANG_WARN_EMPTY_BODY = YES;
				CLANG_WARN_ENUM_CONVERSION = YES;
				CLANG_WARN_INFINITE_RECURSION = YES;
				CLANG_WARN_INT_CONVERSION = YES;
				CLANG_WARN_NON_LITERAL_NULL_CONVERSION = YES;
				CLANG_WARN_OBJC_IMPLICIT_RETAIN_SELF = YES;
				CLANG_WARN_OBJC_LITERAL_CONVERSION = YES;
				CLANG_WARN_OBJC_ROOT_CLASS = YES_ERROR;
				CLANG_WARN_QUOTED_INCLUDE_IN_FRAMEWORK_HEADER = YES;
				CLANG_WARN_RANGE_LOOP_ANALYSIS = YES;
				CLANG_WARN_STRICT_PROTOTYPES = YES;
				CLANG_WARN_SUSPICIOUS_MOVE = YES;
				CLANG_WARN_UNGUARDED_AVAILABILITY = YES_AGGRESSIVE;
				CLANG_WARN_UNREACHABLE_CODE = YES;
				CLANG_WARN__DUPLICATE_METHOD_MATCH = YES;
				COPY_PHASE_STRIP = NO;
				DEBUG_INFORMATION_FORMAT = dwarf;
				ENABLE_STRICT_OBJC_MSGSEND = YES;
				ENABLE_TESTABILITY = YES;
				GCC_C_LANGUAGE_STANDARD = gnu11;
				GCC_DYNAMIC_NO_PIC = NO;
				GCC_NO_COMMON_BLOCKS = YES;
				GCC_OPTIMIZATION_LEVEL = 0;
				GCC_PREPROCESSOR_DEFINITIONS = (
					"DEBUG=1",
					"$(inherited)",
				);
				GCC_WARN_64_TO_32_BIT_CONVERSION = YES;
				GCC_WARN_ABOUT_RETURN_TYPE = YES_ERROR;
				GCC_WARN_UNDECLARED_SELECTOR = YES;
				GCC_WARN_UNINITIALIZED_AUTOS = YES_AGGRESSIVE;
				GCC_WARN_UNUSED_FUNCTION = YES;
				GCC_WARN_UNUSED_VARIABLE = YES;
				IPHONEOS_DEPLOYMENT_TARGET = 16.4;
				MTL_ENABLE_DEBUG_INFO = INCLUDE_SOURCE;
				MTL_FAST_MATH = YES;
				ONLY_ACTIVE_ARCH = YES;
				SDKROOT = iphoneos;
				SWIFT_ACTIVE_COMPILATION_CONDITIONS = DEBUG;
				SWIFT_OPTIMIZATION_LEVEL = "-Onone";
			};
			name = Debug;
		};
		55C1089C2A43373500A5177A /* Release */ = {
			isa = XCBuildConfiguration;
			buildSettings = {
				ALWAYS_SEARCH_USER_PATHS = NO;
				CLANG_ANALYZER_NONNULL = YES;
				CLANG_ANALYZER_NUMBER_OBJECT_CONVERSION = YES_AGGRESSIVE;
				CLANG_CXX_LANGUAGE_STANDARD = "gnu++20";
				CLANG_ENABLE_MODULES = YES;
				CLANG_ENABLE_OBJC_ARC = YES;
				CLANG_ENABLE_OBJC_WEAK = YES;
				CLANG_WARN_BLOCK_CAPTURE_AUTORELEASING = YES;
				CLANG_WARN_BOOL_CONVERSION = YES;
				CLANG_WARN_COMMA = YES;
				CLANG_WARN_CONSTANT_CONVERSION = YES;
				CLANG_WARN_DEPRECATED_OBJC_IMPLEMENTATIONS = YES;
				CLANG_WARN_DIRECT_OBJC_ISA_USAGE = YES_ERROR;
				CLANG_WARN_DOCUMENTATION_COMMENTS = YES;
				CLANG_WARN_EMPTY_BODY = YES;
				CLANG_WARN_ENUM_CONVERSION = YES;
				CLANG_WARN_INFINITE_RECURSION = YES;
				CLANG_WARN_INT_CONVERSION = YES;
				CLANG_WARN_NON_LITERAL_NULL_CONVERSION = YES;
				CLANG_WARN_OBJC_IMPLICIT_RETAIN_SELF = YES;
				CLANG_WARN_OBJC_LITERAL_CONVERSION = YES;
				CLANG_WARN_OBJC_ROOT_CLASS = YES_ERROR;
				CLANG_WARN_QUOTED_INCLUDE_IN_FRAMEWORK_HEADER = YES;
				CLANG_WARN_RANGE_LOOP_ANALYSIS = YES;
				CLANG_WARN_STRICT_PROTOTYPES = YES;
				CLANG_WARN_SUSPICIOUS_MOVE = YES;
				CLANG_WARN_UNGUARDED_AVAILABILITY = YES_AGGRESSIVE;
				CLANG_WARN_UNREACHABLE_CODE = YES;
				CLANG_WARN__DUPLICATE_METHOD_MATCH = YES;
				COPY_PHASE_STRIP = NO;
				DEBUG_INFORMATION_FORMAT = "dwarf-with-dsym";
				ENABLE_NS_ASSERTIONS = NO;
				ENABLE_STRICT_OBJC_MSGSEND = YES;
				GCC_C_LANGUAGE_STANDARD = gnu11;
				GCC_NO_COMMON_BLOCKS = YES;
				GCC_WARN_64_TO_32_BIT_CONVERSION = YES;
				GCC_WARN_ABOUT_RETURN_TYPE = YES_ERROR;
				GCC_WARN_UNDECLARED_SELECTOR = YES;
				GCC_WARN_UNINITIALIZED_AUTOS = YES_AGGRESSIVE;
				GCC_WARN_UNUSED_FUNCTION = YES;
				GCC_WARN_UNUSED_VARIABLE = YES;
				IPHONEOS_DEPLOYMENT_TARGET = 16.4;
				MTL_ENABLE_DEBUG_INFO = NO;
				MTL_FAST_MATH = YES;
				SDKROOT = iphoneos;
				SWIFT_COMPILATION_MODE = wholemodule;
				SWIFT_OPTIMIZATION_LEVEL = "-O";
				VALIDATE_PRODUCT = YES;
			};
			name = Release;
		};
		55C1089E2A43373500A5177A /* Debug */ = {
			isa = XCBuildConfiguration;
			buildSettings = {
				ASSETCATALOG_COMPILER_APPICON_NAME = AppIcon;
				ASSETCATALOG_COMPILER_GLOBAL_ACCENT_COLOR_NAME = AccentColor;
				CODE_SIGN_STYLE = Automatic;
				CURRENT_PROJECT_VERSION = 1;
				DEVELOPMENT_ASSET_PATHS = "\"My Haircut/Preview Content\"";
				DEVELOPMENT_TEAM = P7FYQ2HW53;
				ENABLE_PREVIEWS = YES;
				GENERATE_INFOPLIST_FILE = YES;
				INFOPLIST_KEY_UIApplicationSceneManifest_Generation = YES;
				INFOPLIST_KEY_UIApplicationSupportsIndirectInputEvents = YES;
				INFOPLIST_KEY_UILaunchScreen_Generation = YES;
				INFOPLIST_KEY_UISupportedInterfaceOrientations_iPad = "UIInterfaceOrientationPortrait UIInterfaceOrientationPortraitUpsideDown UIInterfaceOrientationLandscapeLeft UIInterfaceOrientationLandscapeRight";
				INFOPLIST_KEY_UISupportedInterfaceOrientations_iPhone = "UIInterfaceOrientationPortrait UIInterfaceOrientationLandscapeLeft UIInterfaceOrientationLandscapeRight";
				LD_RUNPATH_SEARCH_PATHS = (
					"$(inherited)",
					"@executable_path/Frameworks",
				);
				MARKETING_VERSION = 1.0;
				PRODUCT_BUNDLE_IDENTIFIER = "com.Richard.My-Haircut";
				PRODUCT_NAME = "$(TARGET_NAME)";
				SWIFT_EMIT_LOC_STRINGS = YES;
				SWIFT_VERSION = 5.0;
				TARGETED_DEVICE_FAMILY = "1,2";
			};
			name = Debug;
		};
		55C1089F2A43373500A5177A /* Release */ = {
			isa = XCBuildConfiguration;
			buildSettings = {
				ASSETCATALOG_COMPILER_APPICON_NAME = AppIcon;
				ASSETCATALOG_COMPILER_GLOBAL_ACCENT_COLOR_NAME = AccentColor;
				CODE_SIGN_STYLE = Automatic;
				CURRENT_PROJECT_VERSION = 1;
				DEVELOPMENT_ASSET_PATHS = "\"My Haircut/Preview Content\"";
				DEVELOPMENT_TEAM = P7FYQ2HW53;
				ENABLE_PREVIEWS = YES;
				GENERATE_INFOPLIST_FILE = YES;
				INFOPLIST_KEY_UIApplicationSceneManifest_Generation = YES;
				INFOPLIST_KEY_UIApplicationSupportsIndirectInputEvents = YES;
				INFOPLIST_KEY_UILaunchScreen_Generation = YES;
				INFOPLIST_KEY_UISupportedInterfaceOrientations_iPad = "UIInterfaceOrientationPortrait UIInterfaceOrientationPortraitUpsideDown UIInterfaceOrientationLandscapeLeft UIInterfaceOrientationLandscapeRight";
				INFOPLIST_KEY_UISupportedInterfaceOrientations_iPhone = "UIInterfaceOrientationPortrait UIInterfaceOrientationLandscapeLeft UIInterfaceOrientationLandscapeRight";
				LD_RUNPATH_SEARCH_PATHS = (
					"$(inherited)",
					"@executable_path/Frameworks",
				);
				MARKETING_VERSION = 1.0;
				PRODUCT_BUNDLE_IDENTIFIER = "com.Richard.My-Haircut";
				PRODUCT_NAME = "$(TARGET_NAME)";
				SWIFT_EMIT_LOC_STRINGS = YES;
				SWIFT_VERSION = 5.0;
				TARGETED_DEVICE_FAMILY = "1,2";
			};
			name = Release;
		};
		55C108A12A43373500A5177A /* Debug */ = {
			isa = XCBuildConfiguration;
			buildSettings = {
				ALWAYS_EMBED_SWIFT_STANDARD_LIBRARIES = YES;
				BUNDLE_LOADER = "$(TEST_HOST)";
				CODE_SIGN_STYLE = Automatic;
				CURRENT_PROJECT_VERSION = 1;
				DEVELOPMENT_TEAM = P7FYQ2HW53;
				GENERATE_INFOPLIST_FILE = YES;
				IPHONEOS_DEPLOYMENT_TARGET = 16.4;
				MARKETING_VERSION = 1.0;
				PRODUCT_BUNDLE_IDENTIFIER = "com.Richard.My-HaircutTests";
				PRODUCT_NAME = "$(TARGET_NAME)";
				SWIFT_EMIT_LOC_STRINGS = NO;
				SWIFT_VERSION = 5.0;
				TARGETED_DEVICE_FAMILY = "1,2";
				TEST_HOST = "$(BUILT_PRODUCTS_DIR)/My Haircut.app/$(BUNDLE_EXECUTABLE_FOLDER_PATH)/My Haircut";
			};
			name = Debug;
		};
		55C108A22A43373500A5177A /* Release */ = {
			isa = XCBuildConfiguration;
			buildSettings = {
				ALWAYS_EMBED_SWIFT_STANDARD_LIBRARIES = YES;
				BUNDLE_LOADER = "$(TEST_HOST)";
				CODE_SIGN_STYLE = Automatic;
				CURRENT_PROJECT_VERSION = 1;
				DEVELOPMENT_TEAM = P7FYQ2HW53;
				GENERATE_INFOPLIST_FILE = YES;
				IPHONEOS_DEPLOYMENT_TARGET = 16.4;
				MARKETING_VERSION = 1.0;
				PRODUCT_BUNDLE_IDENTIFIER = "com.Richard.My-HaircutTests";
				PRODUCT_NAME = "$(TARGET_NAME)";
				SWIFT_EMIT_LOC_STRINGS = NO;
				SWIFT_VERSION = 5.0;
				TARGETED_DEVICE_FAMILY = "1,2";
				TEST_HOST = "$(BUILT_PRODUCTS_DIR)/My Haircut.app/$(BUNDLE_EXECUTABLE_FOLDER_PATH)/My Haircut";
			};
			name = Release;
		};
		55C108A42A43373500A5177A /* Debug */ = {
			isa = XCBuildConfiguration;
			buildSettings = {
				ALWAYS_EMBED_SWIFT_STANDARD_LIBRARIES = YES;
				CODE_SIGN_STYLE = Automatic;
				CURRENT_PROJECT_VERSION = 1;
				DEVELOPMENT_TEAM = P7FYQ2HW53;
				GENERATE_INFOPLIST_FILE = YES;
				MARKETING_VERSION = 1.0;
				PRODUCT_BUNDLE_IDENTIFIER = "com.Richard.My-HaircutUITests";
				PRODUCT_NAME = "$(TARGET_NAME)";
				SWIFT_EMIT_LOC_STRINGS = NO;
				SWIFT_VERSION = 5.0;
				TARGETED_DEVICE_FAMILY = "1,2";
				TEST_TARGET_NAME = "My Haircut";
			};
			name = Debug;
		};
		55C108A52A43373500A5177A /* Release */ = {
			isa = XCBuildConfiguration;
			buildSettings = {
				ALWAYS_EMBED_SWIFT_STANDARD_LIBRARIES = YES;
				CODE_SIGN_STYLE = Automatic;
				CURRENT_PROJECT_VERSION = 1;
				DEVELOPMENT_TEAM = P7FYQ2HW53;
				GENERATE_INFOPLIST_FILE = YES;
				MARKETING_VERSION = 1.0;
				PRODUCT_BUNDLE_IDENTIFIER = "com.Richard.My-HaircutUITests";
				PRODUCT_NAME = "$(TARGET_NAME)";
				SWIFT_EMIT_LOC_STRINGS = NO;
				SWIFT_VERSION = 5.0;
				TARGETED_DEVICE_FAMILY = "1,2";
				TEST_TARGET_NAME = "My Haircut";
			};
			name = Release;
		};
/* End XCBuildConfiguration section */

/* Begin XCConfigurationList section */
		55C1086F2A43373400A5177A /* Build configuration list for PBXProject "My Haircut" */ = {
			isa = XCConfigurationList;
			buildConfigurations = (
				55C1089B2A43373500A5177A /* Debug */,
				55C1089C2A43373500A5177A /* Release */,
			);
			defaultConfigurationIsVisible = 0;
			defaultConfigurationName = Release;
		};
		55C1089D2A43373500A5177A /* Build configuration list for PBXNativeTarget "My Haircut" */ = {
			isa = XCConfigurationList;
			buildConfigurations = (
				55C1089E2A43373500A5177A /* Debug */,
				55C1089F2A43373500A5177A /* Release */,
			);
			defaultConfigurationIsVisible = 0;
			defaultConfigurationName = Release;
		};
		55C108A02A43373500A5177A /* Build configuration list for PBXNativeTarget "My HaircutTests" */ = {
			isa = XCConfigurationList;
			buildConfigurations = (
				55C108A12A43373500A5177A /* Debug */,
				55C108A22A43373500A5177A /* Release */,
			);
			defaultConfigurationIsVisible = 0;
			defaultConfigurationName = Release;
		};
		55C108A32A43373500A5177A /* Build configuration list for PBXNativeTarget "My HaircutUITests" */ = {
			isa = XCConfigurationList;
			buildConfigurations = (
				55C108A42A43373500A5177A /* Debug */,
				55C108A52A43373500A5177A /* Release */,
			);
			defaultConfigurationIsVisible = 0;
			defaultConfigurationName = Release;
		};
/* End XCConfigurationList section */

/* Begin XCVersionGroup section */
		55C108822A43373500A5177A /* My_Haircut.xcdatamodeld */ = {
			isa = XCVersionGroup;
			children = (
				55C108832A43373500A5177A /* My_Haircut.xcdatamodel */,
			);
			currentVersion = 55C108832A43373500A5177A /* My_Haircut.xcdatamodel */;
			path = My_Haircut.xcdatamodeld;
			sourceTree = "<group>";
			versionGroupType = wrapper.xcdatamodel;
		};
/* End XCVersionGroup section */
	};
	rootObject = 55C1086C2A43373400A5177A /* Project object */;
}
